
Microsoft Visual Studio Solution File, Format Version 12.00
# Visual Studio Version 17
VisualStudioVersion = 17.13.35931.197 d17.13
MinimumVisualStudioVersion = 10.0.40219.1
Project("{2150E333-8FDC-42A3-9474-1A3956D46DE8}") = "src", "src", "{02EA681E-C7D8-13C7-8484-4AC65E1B71E8}"
EndProject
Project("{2150E333-8FDC-42A3-9474-1A3956D46DE8}") = "tests", "tests", "{6229F5FF-F267-4A1B-8E0B-DAED369354B5}"
EndProject
Project("{2150E333-8FDC-42A3-9474-1A3956D46DE8}") = "Core", "Core", "{D7D4EFD5-1558-4953-9CAC-828AE2E10C8D}"
EndProject
Project("{2150E333-8FDC-42A3-9474-1A3956D46DE8}") = "Infrastructure", "Infrastructure", "{FE14763A-2206-4FA6-BF2B-3993209DE505}"
EndProject
Project("{2150E333-8FDC-42A3-9474-1A3956D46DE8}") = "Presentation", "Presentation", "{17A86729-D2CC-41B9-83CB-CD91790244AD}"
EndProject
Project("{FAE04EC0-301F-11D3-BF4B-00C04F79EFBC}") = "MaproSSO.Domain", "MaproSSO.Domain\MaproSSO.Domain.csproj", "{D906E597-D7D2-4B68-B807-19AF210B5DA6}"
EndProject
Project("{FAE04EC0-301F-11D3-BF4B-00C04F79EFBC}") = "MaproSSO.Application", "MaproSSO.Application\MaproSSO.Application.csproj", "{B55DA03F-F0CE-433A-BBAF-4B14156310EA}"
EndProject
Project("{FAE04EC0-301F-11D3-BF4B-00C04F79EFBC}") = "MaproSSO.Infrastructure", "MaproSSO.Infrastructure\MaproSSO.Infrastructure.csproj", "{1A878C73-F5C5-4AFD-8A2B-93DF6A0EF2FB}"
EndProject
Project("{FAE04EC0-301F-11D3-BF4B-00C04F79EFBC}") = "MaproSSO.Shared", "MaproSSO.Shared\MaproSSO.Shared.csproj", "{0653CC0F-F9B4-4982-B3FF-AC60634D74FA}"
EndProject
Project("{FAE04EC0-301F-11D3-BF4B-00C04F79EFBC}") = "MaproSSO.WebAPI", "MaproSSO.WebAPI\MaproSSO.WebAPI.csproj", "{D93177EC-F7AE-4353-87C3-F8AD5AF82283}"
EndProject
Project("{FAE04EC0-301F-11D3-BF4B-00C04F79EFBC}") = "MaproSSO.WebMVC", "MaproSSO.WebMVC\MaproSSO.WebMVC.csproj", "{6643A791-5971-4A89-989A-0E0C1681B2F9}"
EndProject
Project("{2150E333-8FDC-42A3-9474-1A3956D46DE8}") = "Elementos de la solución", "Elementos de la solución", "{D107F4C8-89CC-BEA8-D3D7-CA6B7733353D}"
	ProjectSection(SolutionItems) = preProject
		.gitignore = .gitignore
	EndProjectSection
EndProject
Global
	GlobalSection(SolutionConfigurationPlatforms) = preSolution
		Debug|Any CPU = Debug|Any CPU
		Release|Any CPU = Release|Any CPU
	EndGlobalSection
	GlobalSection(ProjectConfigurationPlatforms) = postSolution
		{D906E597-D7D2-4B68-B807-19AF210B5DA6}.Debug|Any CPU.ActiveCfg = Debug|Any CPU
		{D906E597-D7D2-4B68-B807-19AF210B5DA6}.Debug|Any CPU.Build.0 = Debug|Any CPU
		{D906E597-D7D2-4B68-B807-19AF210B5DA6}.Release|Any CPU.ActiveCfg = Release|Any CPU
		{D906E597-D7D2-4B68-B807-19AF210B5DA6}.Release|Any CPU.Build.0 = Release|Any CPU
		{B55DA03F-F0CE-433A-BBAF-4B14156310EA}.Debug|Any CPU.ActiveCfg = Debug|Any CPU
		{B55DA03F-F0CE-433A-BBAF-4B14156310EA}.Debug|Any CPU.Build.0 = Debug|Any CPU
		{B55DA03F-F0CE-433A-BBAF-4B14156310EA}.Release|Any CPU.ActiveCfg = Release|Any CPU
		{B55DA03F-F0CE-433A-BBAF-4B14156310EA}.Release|Any CPU.Build.0 = Release|Any CPU
		{1A878C73-F5C5-4AFD-8A2B-93DF6A0EF2FB}.Debug|Any CPU.ActiveCfg = Debug|Any CPU
		{1A878C73-F5C5-4AFD-8A2B-93DF6A0EF2FB}.Debug|Any CPU.Build.0 = Debug|Any CPU
		{1A878C73-F5C5-4AFD-8A2B-93DF6A0EF2FB}.Release|Any CPU.ActiveCfg = Release|Any CPU
		{1A878C73-F5C5-4AFD-8A2B-93DF6A0EF2FB}.Release|Any CPU.Build.0 = Release|Any CPU
		{0653CC0F-F9B4-4982-B3FF-AC60634D74FA}.Debug|Any CPU.ActiveCfg = Debug|Any CPU
		{0653CC0F-F9B4-4982-B3FF-AC60634D74FA}.Debug|Any CPU.Build.0 = Debug|Any CPU
		{0653CC0F-F9B4-4982-B3FF-AC60634D74FA}.Release|Any CPU.ActiveCfg = Release|Any CPU
		{0653CC0F-F9B4-4982-B3FF-AC60634D74FA}.Release|Any CPU.Build.0 = Release|Any CPU
		{D93177EC-F7AE-4353-87C3-F8AD5AF82283}.Debug|Any CPU.ActiveCfg = Debug|Any CPU
		{D93177EC-F7AE-4353-87C3-F8AD5AF82283}.Debug|Any CPU.Build.0 = Debug|Any CPU
		{D93177EC-F7AE-4353-87C3-F8AD5AF82283}.Release|Any CPU.ActiveCfg = Release|Any CPU
		{D93177EC-F7AE-4353-87C3-F8AD5AF82283}.Release|Any CPU.Build.0 = Release|Any CPU
		{6643A791-5971-4A89-989A-0E0C1681B2F9}.Debug|Any CPU.ActiveCfg = Debug|Any CPU
		{6643A791-5971-4A89-989A-0E0C1681B2F9}.Debug|Any CPU.Build.0 = Debug|Any CPU
		{6643A791-5971-4A89-989A-0E0C1681B2F9}.Release|Any CPU.ActiveCfg = Release|Any CPU
		{6643A791-5971-4A89-989A-0E0C1681B2F9}.Release|Any CPU.Build.0 = Release|Any CPU
	EndGlobalSection
	GlobalSection(SolutionProperties) = preSolution
		HideSolutionNode = FALSE
	EndGlobalSection
	GlobalSection(NestedProjects) = preSolution
		{D7D4EFD5-1558-4953-9CAC-828AE2E10C8D} = {02EA681E-C7D8-13C7-8484-4AC65E1B71E8}
		{FE14763A-2206-4FA6-BF2B-3993209DE505} = {02EA681E-C7D8-13C7-8484-4AC65E1B71E8}
		{17A86729-D2CC-41B9-83CB-CD91790244AD} = {02EA681E-C7D8-13C7-8484-4AC65E1B71E8}
		{D906E597-D7D2-4B68-B807-19AF210B5DA6} = {D7D4EFD5-1558-4953-9CAC-828AE2E10C8D}
		{B55DA03F-F0CE-433A-BBAF-4B14156310EA} = {D7D4EFD5-1558-4953-9CAC-828AE2E10C8D}
		{1A878C73-F5C5-4AFD-8A2B-93DF6A0EF2FB} = {FE14763A-2206-4FA6-BF2B-3993209DE505}
		{0653CC0F-F9B4-4982-B3FF-AC60634D74FA} = {FE14763A-2206-4FA6-BF2B-3993209DE505}
		{D93177EC-F7AE-4353-87C3-F8AD5AF82283} = {17A86729-D2CC-41B9-83CB-CD91790244AD}
		{6643A791-5971-4A89-989A-0E0C1681B2F9} = {17A86729-D2CC-41B9-83CB-CD91790244AD}
	EndGlobalSection
	GlobalSection(ExtensibilityGlobals) = postSolution
		SolutionGuid = {97BF9864-CABD-4C42-B2DD-C3CC365C1815}
	EndGlobalSection
EndGlobal
